PODS:
  - flutter_chromium_webview (0.1.0):
    - FlutterMacOS
  - FlutterMacOS (1.0.0)

DEPENDENCIES:
  - flutter_chromium_webview (from `Flutter/ephemeral/.symlinks/plugins/flutter_chromium_webview/macos`)
  - FlutterMacOS (from `Flutter/ephemeral`)

EXTERNAL SOURCES:
  flutter_chromium_webview:
    :path: Flutter/ephemeral/.symlinks/plugins/flutter_chromium_webview/macos
  FlutterMacOS:
    :path: Flutter/ephemeral

SPEC CHECKSUMS:
  flutter_chromium_webview: 123aba7c0b4367c93e72d6a307cfaf7bde9c2106
  FlutterMacOS: d0db08ddef1a9af05a5ec4b724367152bb0500b1

PODFILE CHECKSUM: 1e95c36afbfd1cb6423ceca4de7a8e1b256fb6ac

COCOAPODS: 1.16.2
