PODS:
  - flutter_chromium_webview (0.1.0):
    - FlutterMacOS
  - FlutterMacOS (1.0.0)

DEPENDENCIES:
  - flutter_chromium_webview (from `Flutter/ephemeral/.symlinks/plugins/flutter_chromium_webview/macos`)
  - FlutterMacOS (from `Flutter/ephemeral`)

EXTERNAL SOURCES:
  flutter_chromium_webview:
    :path: Flutter/ephemeral/.symlinks/plugins/flutter_chromium_webview/macos
  FlutterMacOS:
    :path: Flutter/ephemeral

SPEC CHECKSUMS:
  flutter_chromium_webview: de7700662e306a880525394e073fe5157fdc9063
  FlutterMacOS: d0db08ddef1a9af05a5ec4b724367152bb0500b1

PODFILE CHECKSUM: 77592bffad708e9d2d362fdd3091eb01cf808c94

COCOAPODS: 1.16.2
